Microsoft Visual Studio Solution File, Format Version 12.00
# Visual Studio 14
VisualStudioVersion = 14.0.24720.0
MinimumVisualStudioVersion = 10.0.40219.1
Project("{888888A0-9F3D-457C-B088-3A5042F75D52}") = "kicad-getlibs", "KiPi\kicad-getlibs.pyproj", "{7F492477-E278-4D22-A0FB-1CC14981A4E0}"
EndProject
Project("{888888A0-9F3D-457C-B088-3A5042F75D52}") = "gen_from_github", "gen_github_package\gen_from_github.pyproj", "{03DDA8D6-1109-4DEF-BA7F-4EF4B7F601BE}"
EndProject
Project("{888888A0-9F3D-457C-B088-3A5042F75D52}") = "make_package", "make_package\make_package.pyproj", "{12455555-817B-418A-BAC1-20BCD8A8005E}"
EndProject
Project("{888888A0-9F3D-457C-B088-3A5042F75D52}") = "gen_index", "gen_index\gen_index.pyproj", "{40523AAE-91B9-4EF7-A4C6-9173875D9950}"
EndProject
Global
	GlobalSection(SolutionConfigurationPlatforms) = preSolution
		Debug|Any CPU = Debug|Any CPU
		Release|Any CPU = Release|Any CPU
	EndGlobalSection
	GlobalSection(ProjectConfigurationPlatforms) = postSolution
		{7F492477-E278-4D22-A0FB-1CC14981A4E0}.Debug|Any CPU.ActiveCfg = Debug|Any CPU
		{7F492477-E278-4D22-A0FB-1CC14981A4E0}.Release|Any CPU.ActiveCfg = Release|Any CPU
		{03DDA8D6-1109-4DEF-BA7F-4EF4B7F601BE}.Debug|Any CPU.ActiveCfg = Debug|Any CPU
		{03DDA8D6-1109-4DEF-BA7F-4EF4B7F601BE}.Release|Any CPU.ActiveCfg = Release|Any CPU
		{12455555-817B-418A-BAC1-20BCD8A8005E}.Debug|Any CPU.ActiveCfg = Debug|Any CPU
		{12455555-817B-418A-BAC1-20BCD8A8005E}.Release|Any CPU.ActiveCfg = Release|Any CPU
		{40523AAE-91B9-4EF7-A4C6-9173875D9950}.Debug|Any CPU.ActiveCfg = Debug|Any CPU
		{40523AAE-91B9-4EF7-A4C6-9173875D9950}.Release|Any CPU.ActiveCfg = Release|Any CPU
	EndGlobalSection
	GlobalSection(SolutionProperties) = preSolution
		HideSolutionNode = FALSE
	EndGlobalSection
EndGlobal
